{
  "name": "changeme",
  "version": "1.0.0",
  "lockfileVersion": 2,
  "requires": true,
  "packages": {
    "": {
      "name": "changeme",
      "version": "1.0.0",
      "license": "ISC",
      "dependencies": {
        "n": "^9.0.1"
      },
      "devDependencies": {
        "typescript": "^5.0.2"
      }
    },
    "node_modules/n": {
      "version": "9.0.1",
      "resolved": "https://registry.npmjs.org/n/-/n-9.0.1.tgz",
      "integrity": "sha512-SsKwY5iFdKd3xpsT4ISFmRLnCVcx+eNMc2NIlxMQL+w6zKK4hjaMvSZf8V+Fq2ipVCuuLD2fhVJSA6cszfJq9g==",
      "os": [
        "!win32"
      ],
      "bin": {
        "n": "bin/n"
      },
      "engines": {
        "node": "*"
      }
    },
    "node_modules/typescript": {
      "version": "5.0.2",
      "resolved": "https://registry.npmjs.org/typescript/-/typescript-5.0.2.tgz",
      "integrity": "sha512-wVORMBGO/FAs/++blGNeAVdbNKtIh1rbBL2EyQ1+J9lClJ93KiiKe8PmFIVdXhHcyv44SL9oglmfeSsndo0jRw==",
      "dev": true,
      "bin": {
        "tsc": "bin/tsc",
        "tsserver": "bin/tsserver"
      },
      "engines": {
        "node": ">=12.20"
      }
    }
  },
  "dependencies": {
    "n": {
      "version": "9.0.1",
      "resolved": "https://registry.npmjs.org/n/-/n-9.0.1.tgz",
      "integrity": "sha512-SsKwY5iFdKd3xpsT4ISFmRLnCVcx+eNMc2NIlxMQL+w6zKK4hjaMvSZf8V+Fq2ipVCuuLD2fhVJSA6cszfJq9g=="
    },
    "typescript": {
      "version": "5.0.2",
      "resolved": "https://registry.npmjs.org/typescript/-/typescript-5.0.2.tgz",
      "integrity": "sha512-wVORMBGO/FAs/++blGNeAVdbNKtIh1rbBL2EyQ1+J9lClJ93KiiKe8PmFIVdXhHcyv44SL9oglmfeSsndo0jRw==",
      "dev": true
    }
  }
}
